Microsoft Visual Studio Solution File, Format Version 12.00
# Visual Studio Version 17
VisualStudioVersion = 17.5.2.0
MinimumVisualStudioVersion = 10.0.40219.1
Project("{2150E333-8FDC-42A3-9474-1A3956D46DE8}") = "src", "src", "{827E0CD3-B72D-47B6-A68D-7590B98EB39B}"
EndProject
Project("{2150E333-8FDC-42A3-9474-1A3956D46DE8}") = "backend", "backend", "{FE360695-3F2B-1049-3887-35FBB5135923}"
EndProject
Project("{FAE04EC0-301F-11D3-BF4B-00C04F79EFBC}") = "PollSpark", "src\backend\PollSpark\PollSpark.csproj", "{91D33167-8C26-0F77-B8FA-0299F0EB6607}"
EndProject
Global
	GlobalSection(SolutionConfigurationPlatforms) = preSolution
		Debug|Any CPU = Debug|Any CPU
		Release|Any CPU = Release|Any CPU
	EndGlobalSection
	GlobalSection(ProjectConfigurationPlatforms) = postSolution
		{91D33167-8C26-0F77-B8FA-0299F0EB6607}.Debug|Any CPU.ActiveCfg = Debug|Any CPU
		{91D33167-8C26-0F77-B8FA-0299F0EB6607}.Debug|Any CPU.Build.0 = Debug|Any CPU
		{91D33167-8C26-0F77-B8FA-0299F0EB6607}.Release|Any CPU.ActiveCfg = Release|Any CPU
		{91D33167-8C26-0F77-B8FA-0299F0EB6607}.Release|Any CPU.Build.0 = Release|Any CPU
	EndGlobalSection
	GlobalSection(SolutionProperties) = preSolution
		HideSolutionNode = FALSE
	EndGlobalSection
	GlobalSection(NestedProjects) = preSolution
		{FE360695-3F2B-1049-3887-35FBB5135923} = {827E0CD3-B72D-47B6-A68D-7590B98EB39B}
		{91D33167-8C26-0F77-B8FA-0299F0EB6607} = {FE360695-3F2B-1049-3887-35FBB5135923}
	EndGlobalSection
	GlobalSection(ExtensibilityGlobals) = postSolution
		SolutionGuid = {EEA875EB-0426-470F-A21C-0C77623C60F9}
	EndGlobalSection
EndGlobal
